github.com/kinvolk/gobpf v0.0.0-20190520160016-627240a2ec0a h1:dG8svxFoLDFvL2KBadSYXGi0p6CQCpJQqaRb8hZRn5A=
github.com/kinvolk/gobpf v0.0.0-20190520160016-627240a2ec0a/go.mod h1:61h4gva56IGKqstHOMIC38bRpXailv183ew8e9w2AQo=
github.com/kinvolk/gobpf v0.0.0-20190904163508-70f33f7f474b h1:HnF6m6R6vgEzok/rUw0NxWZTSN36+QtNSTbxvK6vM+Q=
github.com/kinvolk/gobpf v0.0.0-20190904163508-70f33f7f474b/go.mod h1:61h4gva56IGKqstHOMIC38bRpXailv183ew8e9w2AQo=
github.com/kinvolk/gobpf v0.0.0-20190904215738-dfd718d01dee h1:YS8x2QSldVkEOf2qD7QFHNxgWhXm6X5jyYwlPHCEHqM=
github.com/kinvolk/gobpf v0.0.0-20190904215738-dfd718d01dee/go.mod h1:61h4gva56IGKqstHOMIC38bRpXailv183ew8e9w2AQo=
github.com/kinvolk/gobpf v0.0.0-20190905145713-231fd4025270 h1:G5SH709F7qtuxvHiwd3hmvBXO0ss2K2OzrJfAAQvPvg=
github.com/kinvolk/gobpf v0.0.0-20190905145713-231fd4025270/go.mod h1:61h4gva56IGKqstHOMIC38bRpXailv183ew8e9w2AQo=
github.com/kinvolk/gobpf v0.0.0-20190922130703-214dcef0dcaa h1:eyP8ufb7+y0jj5w+z3Bt0BXJQK0BQzRhoIYczGnRdqw=
github.com/kinvolk/gobpf v0.0.0-20190922130703-214dcef0dcaa/go.mod h1:61h4gva56IGKqstHOMIC38bRpXailv183ew8e9w2AQo=
github.com/kinvolk/gobpf v0.0.0-20190922130934-3e8e7ed3df41 h1:Tg2fkMJF/eEqRwfGdjqehcDrETaViMsBAZsWzlgQnSo=
github.com/kinvolk/gobpf v0.0.0-20190922130934-3e8e7ed3df41/go.mod h1:61h4gva56IGKqstHOMIC38bRpXailv183ew8e9w2AQo=
github.com/kinvolk/gobpf v0.0.0-20190922131055-ddf4d433a18b h1:FOyBEyT123JNBg01JCXWb0sbwVu42XLKdJwhz1ym+do=
github.com/kinvolk/gobpf v0.0.0-20190922131055-ddf4d433a18b/go.mod h1:61h4gva56IGKqstHOMIC38bRpXailv183ew8e9w2AQo=
github.com/kinvolk/gobpf v0.0.0-20190922131134-f700c97c91f8 h1:kLPYrTDNYA3X02gWJOKMhBCyT9ZS3uKk5pwg/s4pNHA=
github.com/kinvolk/gobpf v0.0.0-20190922131134-f700c97c91f8/go.mod h1:61h4gva56IGKqstHOMIC38bRpXailv183ew8e9w2AQo=
github.com/kinvolk/gobpf v0.0.0-20190922133025-0c8a98bcb113 h1:rDjXijFhfLnZCagux/WIp0jihdblRLymxasG9QfdTfY=
github.com/kinvolk/gobpf v0.0.0-20190922133025-0c8a98bcb113/go.mod h1:61h4gva56IGKqstHOMIC38bRpXailv183ew8e9w2AQo=
github.com/kinvolk/gobpf v0.0.0-20190922150233-4990d231bee3 h1:g5HTeUTnIKbgnk+mLusFF9YOqpY9aqz+mQMAejlcsOs=
github.com/kinvolk/gobpf v0.0.0-20190922150233-4990d231bee3/go.mod h1:61h4gva56IGKqstHOMIC38bRpXailv183ew8e9w2AQo=
github.com/kinvolk/gobpf v0.0.0-20190922150407-f6aa59a13a2f h1:pYE2zNd2QN2sNLIGG2VWg8ol15ZMfdWkGl3YjaAjpAQ=
github.com/kinvolk/gobpf v0.0.0-20190922150407-f6aa59a13a2f/go.mod h1:61h4gva56IGKqstHOMIC38bRpXailv183ew8e9w2AQo=
github.com/kinvolk/gobpf v0.0.0-20190922150517-c610caa1f958 h1:jXBBUiKDdeFJFc2OYni5UfgqYz59WjzV20+rUVw4iY0=
github.com/kinvolk/gobpf v0.0.0-20190922150517-c610caa1f958/go.mod h1:61h4gva56IGKqstHOMIC38bRpXailv183ew8e9w2AQo=
github.com/kinvolk/gobpf v0.0.0-20190922150756-620a32906258 h1:mXJI7fX+brRlrDRZgXKmmmoBoRUxC0vaUeq8TLwS63g=
github.com/kinvolk/gobpf v0.0.0-20190922150756-620a32906258/go.mod h1:61h4gva56IGKqstHOMIC38bRpXailv183ew8e9w2AQo=
github.com/kinvolk/gobpf v0.0.0-20190922150846-840576e7f1ce h1:VQwwrVcqCgppk5aZ8/tsxlho1xEcByCSMFa6zo1Cq8M=
github.com/kinvolk/gobpf v0.0.0-20190922150846-840576e7f1ce/go.mod h1:61h4gva56IGKqstHOMIC38bRpXailv183ew8e9w2AQo=
github.com/kinvolk/gobpf v0.0.0-20190922150923-802a114dcb2b h1:JWr8QcU+I1+lWvRE5oDKoFqA5e2VXv7jlspab7+0VJ8=
github.com/kinvolk/gobpf v0.0.0-20190922150923-802a114dcb2b/go.mod h1:61h4gva56IGKqstHOMIC38bRpXailv183ew8e9w2AQo=
github.com/kinvolk/gobpf v0.0.0-20190922151055-aa1bacd083fc h1:fbWtnuEsS3AGFjsqxOiWpcLoJd9rYxDWpRLaI3splaw=
github.com/kinvolk/gobpf v0.0.0-20190922151055-aa1bacd083fc/go.mod h1:61h4gva56IGKqstHOMIC38bRpXailv183ew8e9w2AQo=
github.com/kinvolk/gobpf v0.0.0-20190922153522-030e266ffc1f h1:fKfD+U2xEYUWeV7z6aC2ABmNpr3bWM97lOrP+0GqbT8=
github.com/kinvolk/gobpf v0.0.0-20190922153522-030e266ffc1f/go.mod h1:61h4gva56IGKqstHOMIC38bRpXailv183ew8e9w2AQo=
github.com/kinvolk/gobpf v0.0.0-20190922153712-287c74467f45 h1:7bjk6zGJCBpPAnfFWCaP2hd7e7qnZl7RZOl+2HHfg8I=
github.com/kinvolk/gobpf v0.0.0-20190922153712-287c74467f45/go.mod h1:61h4gva56IGKqstHOMIC38bRpXailv183ew8e9w2AQo=
