github.com/kinvolk/gobpf v0.0.0-20190426145724-a01317ace7a1 h1:Lk6hLMmaTUaLt6GQrIhJHN+6yAHw4NW98KUOD+vnfGw=
github.com/kinvolk/gobpf v0.0.0-20190426145724-a01317ace7a1/go.mod h1:61h4gva56IGKqstHOMIC38bRpXailv183ew8e9w2AQo=
github.com/kinvolk/gobpf v0.0.0-20190902214638-3b450c13936b h1:VcFUyBYjqoFXe+3KPwgTYCeck24l+XU1J2v/k5RJmtU=
github.com/kinvolk/gobpf v0.0.0-20190902214638-3b450c13936b/go.mod h1:61h4gva56IGKqstHOMIC38bRpXailv183ew8e9w2AQo=
github.com/mauriciovasquezbernal/gobpf v0.0.0-20190608151755-5f86437596b2/go.mod h1:7YaHGjAP6A6nHwfl3ebci9Cbz9TCbfF64Rs8AMJ50gY=
