github.com/kinvolk/gobpf v0.0.0-20190520160016-627240a2ec0a h1:dG8svxFoLDFvL2KBadSYXGi0p6CQCpJQqaRb8hZRn5A=
github.com/kinvolk/gobpf v0.0.0-20190520160016-627240a2ec0a/go.mod h1:61h4gva56IGKqstHOMIC38bRpXailv183ew8e9w2AQo=
github.com/kinvolk/gobpf v0.0.0-20190904163508-70f33f7f474b h1:HnF6m6R6vgEzok/rUw0NxWZTSN36+QtNSTbxvK6vM+Q=
github.com/kinvolk/gobpf v0.0.0-20190904163508-70f33f7f474b/go.mod h1:61h4gva56IGKqstHOMIC38bRpXailv183ew8e9w2AQo=
github.com/kinvolk/gobpf v0.0.0-20190904215738-dfd718d01dee h1:YS8x2QSldVkEOf2qD7QFHNxgWhXm6X5jyYwlPHCEHqM=
github.com/kinvolk/gobpf v0.0.0-20190904215738-dfd718d01dee/go.mod h1:61h4gva56IGKqstHOMIC38bRpXailv183ew8e9w2AQo=
github.com/kinvolk/gobpf v0.0.0-20190905145713-231fd4025270 h1:G5SH709F7qtuxvHiwd3hmvBXO0ss2K2OzrJfAAQvPvg=
github.com/kinvolk/gobpf v0.0.0-20190905145713-231fd4025270/go.mod h1:61h4gva56IGKqstHOMIC38bRpXailv183ew8e9w2AQo=
